// !$*UTF8*$!
{
	archiveVersion = 1;
	classes = {
	};
	objectVersion = 55;
	objects = {

/* Begin PBXBuildFile section */
		8439F1D627726D4400BCFD6F /* AppDelegate.swift in Sources */ = {isa = PBXBuildFile; fileRef = 8439F1D527726D4400BCFD6F /* AppDelegate.swift */; };
		8439F1D827726D4400BCFD6F /* SceneDelegate.swift in Sources */ = {isa = PBXBuildFile; fileRef = 8439F1D727726D4400BCFD6F /* SceneDelegate.swift */; };
		8439F1DA27726D4400BCFD6F /* ViewController.swift in Sources */ = {isa = PBXBuildFile; fileRef = 8439F1D927726D4400BCFD6F /* ViewController.swift */; };
		8439F1DD27726D4400BCFD6F /* Main.storyboard in Resources */ = {isa = PBXBuildFile; fileRef = 8439F1DB27726D4400BCFD6F /* Main.storyboard */; };
		8439F1E027726D4400BCFD6F /* WatherAppIos.xcdatamodeld in Sources */ = {isa = PBXBuildFile; fileRef = 8439F1DE27726D4400BCFD6F /* WatherAppIos.xcdatamodeld */; };
		8439F1E227726D4500BCFD6F /* Assets.xcassets in Resources */ = {isa = PBXBuildFile; fileRef = 8439F1E127726D4500BCFD6F /* Assets.xcassets */; };
		8439F1E527726D4500BCFD6F /* LaunchScreen.storyboard in Resources */ = {isa = PBXBuildFile; fileRef = 8439F1E327726D4500BCFD6F /* LaunchScreen.storyboard */; };
/* End PBXBuildFile section */

/* Begin PBXFileReference section */
		8439F1D227726D4400BCFD6F /* WatherAppIos.app */ = {isa = PBXFileReference; explicitFileType = wrapper.application; includeInIndex = 0; path = WatherAppIos.app; sourceTree = BUILT_PRODUCTS_DIR; };
		8439F1D527726D4400BCFD6F /* AppDelegate.swift */ = {isa = PBXFileReference; lastKnownFileType = sourcecode.swift; path = AppDelegate.swift; sourceTree = "<group>"; };
		8439F1D727726D4400BCFD6F /* SceneDelegate.swift */ = {isa = PBXFileReference; lastKnownFileType = sourcecode.swift; path = SceneDelegate.swift; sourceTree = "<group>"; };
		8439F1D927726D4400BCFD6F /* ViewController.swift */ = {isa = PBXFileReference; lastKnownFileType = sourcecode.swift; path = ViewController.swift; sourceTree = "<group>"; };
		8439F1DC27726D4400BCFD6F /* Base */ = {isa = PBXFileReference; lastKnownFileType = file.storyboard; name = Base; path = Base.lproj/Main.storyboard; sourceTree = "<group>"; };
		8439F1DF27726D4400BCFD6F /* WatherAppIos.xcdatamodel */ = {isa = PBXFileReference; lastKnownFileType = wrapper.xcdatamodel; path = WatherAppIos.xcdatamodel; sourceTree = "<group>"; };
		8439F1E127726D4500BCFD6F /* Assets.xcassets */ = {isa = PBXFileReference; lastKnownFileType = folder.assetcatalog; path = Assets.xcassets; sourceTree = "<group>"; };
		8439F1E427726D4500BCFD6F /* Base */ = {isa = PBXFileReference; lastKnownFileType = file.storyboard; name = Base; path = Base.lproj/LaunchScreen.storyboard; sourceTree = "<group>"; };
		8439F1E627726D4500BCFD6F /* Info.plist */ = {isa = PBXFileReference; lastKnownFileType = text.plist.xml; path = Info.plist; sourceTree = "<group>"; };
/* End PBXFileReference section */

/* Begin PBXFrameworksBuildPhase section */
		8439F1CF27726D4400BCFD6F /* Frameworks */ = {
			isa = PBXFrameworksBuildPhase;
			buildActionMask = 2147483647;
			files = (
			);
			runOnlyForDeploymentPostprocessing = 0;
		};
/* End PBXFrameworksBuildPhase section */

/* Begin PBXGroup section */
		8439F1C927726D4400BCFD6F = {
			isa = PBXGroup;
			children = (
				8439F1D427726D4400BCFD6F /* WatherAppIos */,
				8439F1D327726D4400BCFD6F /* Products */,
			);
			sourceTree = "<group>";
		};
		8439F1D327726D4400BCFD6F /* Products */ = {
			isa = PBXGroup;
			children = (
				8439F1D227726D4400BCFD6F /* WatherAppIos.app */,
			);
			name = Products;
			sourceTree = "<group>";
		};
		8439F1D427726D4400BCFD6F /* WatherAppIos */ = {
			isa = PBXGroup;
			children = (
				8439F1D527726D4400BCFD6F /* AppDelegate.swift */,
				8439F1D727726D4400BCFD6F /* SceneDelegate.swift */,
				8439F1D927726D4400BCFD6F /* ViewController.swift */,
				8439F1DB27726D4400BCFD6F /* Main.storyboard */,
				8439F1E127726D4500BCFD6F /* Assets.xcassets */,
				8439F1E327726D4500BCFD6F /* LaunchScreen.storyboard */,
				8439F1E627726D4500BCFD6F /* Info.plist */,
				8439F1DE27726D4400BCFD6F /* WatherAppIos.xcdatamodeld */,
			);
			path = WatherAppIos;
			sourceTree = "<group>";
		};
/* End PBXGroup section */

/* Begin PBXNativeTarget section */
		8439F1D127726D4400BCFD6F /* WatherAppIos */ = {
			isa = PBXNativeTarget;
			buildConfigurationList = 8439F1E927726D4500BCFD6F /* Build configuration list for PBXNativeTarget "WatherAppIos" */;
			buildPhases = (
				8439F1CE27726D4400BCFD6F /* Sources */,
				8439F1CF27726D4400BCFD6F /* Frameworks */,
				8439F1D027726D4400BCFD6F /* Resources */,
			);
			buildRules = (
			);
			dependencies = (
			);
			name = WatherAppIos;
			productName = WatherAppIos;
			productReference = 8439F1D227726D4400BCFD6F /* WatherAppIos.app */;
			productType = "com.apple.product-type.application";
		};
/* End PBXNativeTarget section */

/* Begin PBXProject section */
		8439F1CA27726D4400BCFD6F /* Project object */ = {
			isa = PBXProject;
			attributes = {
				BuildIndependentTargetsInParallel = 1;
				LastSwiftUpdateCheck = 1310;
				LastUpgradeCheck = 1310;
				TargetAttributes = {
					8439F1D127726D4400BCFD6F = {
						CreatedOnToolsVersion = 13.1;
					};
				};
			};
			buildConfigurationList = 8439F1CD27726D4400BCFD6F /* Build configuration list for PBXProject "WatherAppIos" */;
			compatibilityVersion = "Xcode 13.0";
			developmentRegion = en;
			hasScannedForEncodings = 0;
			knownRegions = (
				en,
				Base,
			);
			mainGroup = 8439F1C927726D4400BCFD6F;
			productRefGroup = 8439F1D327726D4400BCFD6F /* Products */;
			projectDirPath = "";
			projectRoot = "";
			targets = (
				8439F1D127726D4400BCFD6F /* WatherAppIos */,
			);
		};
/* End PBXProject section */

/* Begin PBXResourcesBuildPhase section */
		8439F1D027726D4400BCFD6F /* Resources */ = {
			isa = PBXResourcesBuildPhase;
			buildActionMask = 2147483647;
			files = (
				8439F1E527726D4500BCFD6F /* LaunchScreen.storyboard in Resources */,
				8439F1E227726D4500BCFD6F /* Assets.xcassets in Resources */,
				8439F1DD27726D4400BCFD6F /* Main.storyboard in Resources */,
			);
			runOnlyForDeploymentPostprocessing = 0;
		};
/* End PBXResourcesBuildPhase section */

/* Begin PBXSourcesBuildPhase section */
		8439F1CE27726D4400BCFD6F /* Sources */ = {
			isa = PBXSourcesBuildPhase;
			buildActionMask = 2147483647;
			files = (
				8439F1E027726D4400BCFD6F /* WatherAppIos.xcdatamodeld in Sources */,
				8439F1DA27726D4400BCFD6F /* ViewController.swift in Sources */,
				8439F1D627726D4400BCFD6F /* AppDelegate.swift in Sources */,
				8439F1D827726D4400BCFD6F /* SceneDelegate.swift in Sources */,
			);
			runOnlyForDeploymentPostprocessing = 0;
		};
/* End PBXSourcesBuildPhase section */

/* Begin PBXVariantGroup section */
		8439F1DB27726D4400BCFD6F /* Main.storyboard */ = {
			isa = PBXVariantGroup;
			children = (
				8439F1DC27726D4400BCFD6F /* Base */,
			);
			name = Main.storyboard;
			sourceTree = "<group>";
		};
		8439F1E327726D4500BCFD6F /* LaunchScreen.storyboard */ = {
			isa = PBXVariantGroup;
			children = (
				8439F1E427726D4500BCFD6F /* Base */,
			);
			name = LaunchScreen.storyboard;
			sourceTree = "<group>";
		};
/* End PBXVariantGroup section */

/* Begin XCBuildConfiguration section */
		8439F1E727726D4500BCFD6F /* Debug */ = {
			isa = XCBuildConfiguration;
			buildSettings = {
				ALWAYS_SEARCH_USER_PATHS = NO;
				CLANG_ANALYZER_NONNULL = YES;
				CLANG_ANALYZER_NUMBER_OBJECT_CONVERSION = YES_AGGRESSIVE;
				CLANG_CXX_LANGUAGE_STANDARD = "gnu++17";
				CLANG_CXX_LIBRARY = "libc++";
				CLANG_ENABLE_MODULES = YES;
				CLANG_ENABLE_OBJC_ARC = YES;
				CLANG_ENABLE_OBJC_WEAK = YES;
				CLANG_WARN_BLOCK_CAPTURE_AUTORELEASING = YES;
				CLANG_WARN_BOOL_CONVERSION = YES;
				CLANG_WARN_COMMA = YES;
				CLANG_WARN_CONSTANT_CONVERSION = YES;
				CLANG_WARN_DEPRECATED_OBJC_IMPLEMENTATIONS = YES;
				CLANG_WARN_DIRECT_OBJC_ISA_USAGE = YES_ERROR;
				CLANG_WARN_DOCUMENTATION_COMMENTS = YES;
				CLANG_WARN_EMPTY_BODY = YES;
				CLANG_WARN_ENUM_CONVERSION = YES;
				CLANG_WARN_INFINITE_RECURSION = YES;
				CLANG_WARN_INT_CONVERSION = YES;
				CLANG_WARN_NON_LITERAL_NULL_CONVERSION = YES;
				CLANG_WARN_OBJC_IMPLICIT_RETAIN_SELF = YES;
				CLANG_WARN_OBJC_LITERAL_CONVERSION = YES;
				CLANG_WARN_OBJC_ROOT_CLASS = YES_ERROR;
				CLANG_WARN_QUOTED_INCLUDE_IN_FRAMEWORK_HEADER = YES;
				CLANG_WARN_RANGE_LOOP_ANALYSIS = YES;
				CLANG_WARN_STRICT_PROTOTYPES = YES;
				CLANG_WARN_SUSPICIOUS_MOVE = YES;
				CLANG_WARN_UNGUARDED_AVAILABILITY = YES_AGGRESSIVE;
				CLANG_WARN_UNREACHABLE_CODE = YES;
				CLANG_WARN__DUPLICATE_METHOD_MATCH = YES;
				COPY_PHASE_STRIP = NO;
				DEBUG_INFORMATION_FORMAT = dwarf;
				ENABLE_STRICT_OBJC_MSGSEND = YES;
				ENABLE_TESTABILITY = YES;
				GCC_C_LANGUAGE_STANDARD = gnu11;
				GCC_DYNAMIC_NO_PIC = NO;
				GCC_NO_COMMON_BLOCKS = YES;
				GCC_OPTIMIZATION_LEVEL = 0;
				GCC_PREPROCESSOR_DEFINITIONS = (
					"DEBUG=1",
					"$(inherited)",
				);
				GCC_WARN_64_TO_32_BIT_CONVERSION = YES;
				GCC_WARN_ABOUT_RETURN_TYPE = YES_ERROR;
				GCC_WARN_UNDECLARED_SELECTOR = YES;
				GCC_WARN_UNINITIALIZED_AUTOS = YES_AGGRESSIVE;
				GCC_WARN_UNUSED_FUNCTION = YES;
				GCC_WARN_UNUSED_VARIABLE = YES;
				IPHONEOS_DEPLOYMENT_TARGET = 15.0;
				MTL_ENABLE_DEBUG_INFO = INCLUDE_SOURCE;
				MTL_FAST_MATH = YES;
				ONLY_ACTIVE_ARCH = YES;
				SDKROOT = iphoneos;
				SWIFT_ACTIVE_COMPILATION_CONDITIONS = DEBUG;
				SWIFT_OPTIMIZATION_LEVEL = "-Onone";
			};
			name = Debug;
		};
		8439F1E827726D4500BCFD6F /* Release */ = {
			isa = XCBuildConfiguration;
			buildSettings = {
				ALWAYS_SEARCH_USER_PATHS = NO;
				CLANG_ANALYZER_NONNULL = YES;
				CLANG_ANALYZER_NUMBER_OBJECT_CONVERSION = YES_AGGRESSIVE;
				CLANG_CXX_LANGUAGE_STANDARD = "gnu++17";
				CLANG_CXX_LIBRARY = "libc++";
				CLANG_ENABLE_MODULES = YES;
				CLANG_ENABLE_OBJC_ARC = YES;
				CLANG_ENABLE_OBJC_WEAK = YES;
				CLANG_WARN_BLOCK_CAPTURE_AUTORELEASING = YES;
				CLANG_WARN_BOOL_CONVERSION = YES;
				CLANG_WARN_COMMA = YES;
				CLANG_WARN_CONSTANT_CONVERSION = YES;
				CLANG_WARN_DEPRECATED_OBJC_IMPLEMENTATIONS = YES;
				CLANG_WARN_DIRECT_OBJC_ISA_USAGE = YES_ERROR;
				CLANG_WARN_DOCUMENTATION_COMMENTS = YES;
				CLANG_WARN_EMPTY_BODY = YES;
				CLANG_WARN_ENUM_CONVERSION = YES;
				CLANG_WARN_INFINITE_RECURSION = YES;
				CLANG_WARN_INT_CONVERSION = YES;
				CLANG_WARN_NON_LITERAL_NULL_CONVERSION = YES;
				CLANG_WARN_OBJC_IMPLICIT_RETAIN_SELF = YES;
				CLANG_WARN_OBJC_LITERAL_CONVERSION = YES;
				CLANG_WARN_OBJC_ROOT_CLASS = YES_ERROR;
				CLANG_WARN_QUOTED_INCLUDE_IN_FRAMEWORK_HEADER = YES;
				CLANG_WARN_RANGE_LOOP_ANALYSIS = YES;
				CLANG_WARN_STRICT_PROTOTYPES = YES;
				CLANG_WARN_SUSPICIOUS_MOVE = YES;
				CLANG_WARN_UNGUARDED_AVAILABILITY = YES_AGGRESSIVE;
				CLANG_WARN_UNREACHABLE_CODE = YES;
				CLANG_WARN__DUPLICATE_METHOD_MATCH = YES;
				COPY_PHASE_STRIP = NO;
				DEBUG_INFORMATION_FORMAT = "dwarf-with-dsym";
				ENABLE_NS_ASSERTIONS = NO;
				ENABLE_STRICT_OBJC_MSGSEND = YES;
				GCC_C_LANGUAGE_STANDARD = gnu11;
				GCC_NO_COMMON_BLOCKS = YES;
				GCC_WARN_64_TO_32_BIT_CONVERSION = YES;
				GCC_WARN_ABOUT_RETURN_TYPE = YES_ERROR;
				GCC_WARN_UNDECLARED_SELECTOR = YES;
				GCC_WARN_UNINITIALIZED_AUTOS = YES_AGGRESSIVE;
				GCC_WARN_UNUSED_FUNCTION = YES;
				GCC_WARN_UNUSED_VARIABLE = YES;
				IPHONEOS_DEPLOYMENT_TARGET = 15.0;
				MTL_ENABLE_DEBUG_INFO = NO;
				MTL_FAST_MATH = YES;
				SDKROOT = iphoneos;
				SWIFT_COMPILATION_MODE = wholemodule;
				SWIFT_OPTIMIZATION_LEVEL = "-O";
				VALIDATE_PRODUCT = YES;
			};
			name = Release;
		};
		8439F1EA27726D4500BCFD6F /* Debug */ = {
			isa = XCBuildConfiguration;
			buildSettings = {
				ASSETCATALOG_COMPILER_APPICON_NAME = AppIcon;
				ASSETCATALOG_COMPILER_GLOBAL_ACCENT_COLOR_NAME = AccentColor;
				CODE_SIGN_STYLE = Automatic;
				CURRENT_PROJECT_VERSION = 1;
				GENERATE_INFOPLIST_FILE = YES;
				INFOPLIST_FILE = WatherAppIos/Info.plist;
				INFOPLIST_KEY_UIApplicationSupportsIndirectInputEvents = YES;
				INFOPLIST_KEY_UILaunchStoryboardName = LaunchScreen;
				INFOPLIST_KEY_UIMainStoryboardFile = Main;
				INFOPLIST_KEY_UISupportedInterfaceOrientations_iPad = "UIInterfaceOrientationPortrait UIInterfaceOrientationPortraitUpsideDown UIInterfaceOrientationLandscapeLeft UIInterfaceOrientationLandscapeRight";
				INFOPLIST_KEY_UISupportedInterfaceOrientations_iPhone = "UIInterfaceOrientationPortrait UIInterfaceOrientationLandscapeLeft UIInterfaceOrientationLandscapeRight";
				LD_RUNPATH_SEARCH_PATHS = (
					"$(inherited)",
					"@executable_path/Frameworks",
				);
				MARKETING_VERSION = 1.0;
				PRODUCT_BUNDLE_IDENTIFIER = com.faten.WatherAppIos;
				PRODUCT_NAME = "$(TARGET_NAME)";
				SWIFT_EMIT_LOC_STRINGS = YES;
				SWIFT_VERSION = 5.0;
				TARGETED_DEVICE_FAMILY = "1,2";
			};
			name = Debug;
		};
		8439F1EB27726D4500BCFD6F /* Release */ = {
			isa = XCBuildConfiguration;
			buildSettings = {
				ASSETCATALOG_COMPILER_APPICON_NAME = AppIcon;
				ASSETCATALOG_COMPILER_GLOBAL_ACCENT_COLOR_NAME = AccentColor;
				CODE_SIGN_STYLE = Automatic;
				CURRENT_PROJECT_VERSION = 1;
				GENERATE_INFOPLIST_FILE = YES;
				INFOPLIST_FILE = WatherAppIos/Info.plist;
				INFOPLIST_KEY_UIApplicationSupportsIndirectInputEvents = YES;
				INFOPLIST_KEY_UILaunchStoryboardName = LaunchScreen;
				INFOPLIST_KEY_UIMainStoryboardFile = Main;
				INFOPLIST_KEY_UISupportedInterfaceOrientations_iPad = "UIInterfaceOrientationPortrait UIInterfaceOrientationPortraitUpsideDown UIInterfaceOrientationLandscapeLeft UIInterfaceOrientationLandscapeRight";
				INFOPLIST_KEY_UISupportedInterfaceOrientations_iPhone = "UIInterfaceOrientationPortrait UIInterfaceOrientationLandscapeLeft UIInterfaceOrientationLandscapeRight";
				LD_RUNPATH_SEARCH_PATHS = (
					"$(inherited)",
					"@executable_path/Frameworks",
				);
				MARKETING_VERSION = 1.0;
				PRODUCT_BUNDLE_IDENTIFIER = com.faten.WatherAppIos;
				PRODUCT_NAME = "$(TARGET_NAME)";
				SWIFT_EMIT_LOC_STRINGS = YES;
				SWIFT_VERSION = 5.0;
				TARGETED_DEVICE_FAMILY = "1,2";
			};
			name = Release;
		};
/* End XCBuildConfiguration section */

/* Begin XCConfigurationList section */
		8439F1CD27726D4400BCFD6F /* Build configuration list for PBXProject "WatherAppIos" */ = {
			isa = XCConfigurationList;
			buildConfigurations = (
				8439F1E727726D4500BCFD6F /* Debug */,
				8439F1E827726D4500BCFD6F /* Release */,
			);
			defaultConfigurationIsVisible = 0;
			defaultConfigurationName = Release;
		};
		8439F1E927726D4500BCFD6F /* Build configuration list for PBXNativeTarget "WatherAppIos" */ = {
			isa = XCConfigurationList;
			buildConfigurations = (
				8439F1EA27726D4500BCFD6F /* Debug */,
				8439F1EB27726D4500BCFD6F /* Release */,
			);
			defaultConfigurationIsVisible = 0;
			defaultConfigurationName = Release;
		};
/* End XCConfigurationList section */

/* Begin XCVersionGroup section */
		8439F1DE27726D4400BCFD6F /* WatherAppIos.xcdatamodeld */ = {
			isa = XCVersionGroup;
			children = (
				8439F1DF27726D4400BCFD6F /* WatherAppIos.xcdatamodel */,
			);
			currentVersion = 8439F1DF27726D4400BCFD6F /* WatherAppIos.xcdatamodel */;
			path = WatherAppIos.xcdatamodeld;
			sourceTree = "<group>";
			versionGroupType = wrapper.xcdatamodel;
		};
/* End XCVersionGroup section */
	};
	rootObject = 8439F1CA27726D4400BCFD6F /* Project object */;
}
